// !$*UTF8*$!
{
	archiveVersion = 1;
	classes = {
	};
	objectVersion = 50;
	objects = {

/* Begin PBXBuildFile section */
		21B1B93A236B9E6D00096FDA /* AppDelegate.swift in Sources */ = {isa = PBXBuildFile; fileRef = 21B1B939236B9E6D00096FDA /* AppDelegate.swift */; };
		21B1B93E236B9E6D00096FDA /* ViewController.swift in Sources */ = {isa = PBXBuildFile; fileRef = 21B1B93D236B9E6D00096FDA /* ViewController.swift */; };
		21B1B941236B9E6D00096FDA /* Main.storyboard in Resources */ = {isa = PBXBuildFile; fileRef = 21B1B93F236B9E6D00096FDA /* Main.storyboard */; };
		21B1B943236B9E7000096FDA /* Assets.xcassets in Resources */ = {isa = PBXBuildFile; fileRef = 21B1B942236B9E7000096FDA /* Assets.xcassets */; };
		21B1B946236B9E7000096FDA /* LaunchScreen.storyboard in Resources */ = {isa = PBXBuildFile; fileRef = 21B1B944236B9E7000096FDA /* LaunchScreen.storyboard */; };
		21B1B94F236C3ECE00096FDA /* TableViewCell.swift in Sources */ = {isa = PBXBuildFile; fileRef = 21B1B94D236C3ECE00096FDA /* TableViewCell.swift */; };
		21B1B950236C3ECE00096FDA /* TableViewCell.xib in Resources */ = {isa = PBXBuildFile; fileRef = 21B1B94E236C3ECE00096FDA /* TableViewCell.xib */; };
/* End PBXBuildFile section */

/* Begin PBXFileReference section */
		21B1B936236B9E6D00096FDA /* CardLayoutWithTable.app */ = {isa = PBXFileReference; explicitFileType = wrapper.application; includeInIndex = 0; path = CardLayoutWithTable.app; sourceTree = BUILT_PRODUCTS_DIR; };
		21B1B939236B9E6D00096FDA /* AppDelegate.swift */ = {isa = PBXFileReference; lastKnownFileType = sourcecode.swift; path = AppDelegate.swift; sourceTree = "<group>"; };
		21B1B93D236B9E6D00096FDA /* ViewController.swift */ = {isa = PBXFileReference; lastKnownFileType = sourcecode.swift; path = ViewController.swift; sourceTree = "<group>"; };
		21B1B940236B9E6D00096FDA /* Base */ = {isa = PBXFileReference; lastKnownFileType = file.storyboard; name = Base; path = Base.lproj/Main.storyboard; sourceTree = "<group>"; };
		21B1B942236B9E7000096FDA /* Assets.xcassets */ = {isa = PBXFileReference; lastKnownFileType = folder.assetcatalog; path = Assets.xcassets; sourceTree = "<group>"; };
		21B1B945236B9E7000096FDA /* Base */ = {isa = PBXFileReference; lastKnownFileType = file.storyboard; name = Base; path = Base.lproj/LaunchScreen.storyboard; sourceTree = "<group>"; };
		21B1B947236B9E7000096FDA /* Info.plist */ = {isa = PBXFileReference; lastKnownFileType = text.plist.xml; path = Info.plist; sourceTree = "<group>"; };
		21B1B94D236C3ECE00096FDA /* TableViewCell.swift */ = {isa = PBXFileReference; lastKnownFileType = sourcecode.swift; path = TableViewCell.swift; sourceTree = "<group>"; };
		21B1B94E236C3ECE00096FDA /* TableViewCell.xib */ = {isa = PBXFileReference; lastKnownFileType = file.xib; path = TableViewCell.xib; sourceTree = "<group>"; };
/* End PBXFileReference section */

/* Begin PBXFrameworksBuildPhase section */
		21B1B933236B9E6D00096FDA /* Frameworks */ = {
			isa = PBXFrameworksBuildPhase;
			buildActionMask = 2147483647;
			files = (
			);
			runOnlyForDeploymentPostprocessing = 0;
		};
/* End PBXFrameworksBuildPhase section */

/* Begin PBXGroup section */
		21B1B92D236B9E6D00096FDA = {
			isa = PBXGroup;
			children = (
				21B1B938236B9E6D00096FDA /* CardLayoutWithTable */,
				21B1B937236B9E6D00096FDA /* Products */,
			);
			sourceTree = "<group>";
		};
		21B1B937236B9E6D00096FDA /* Products */ = {
			isa = PBXGroup;
			children = (
				21B1B936236B9E6D00096FDA /* CardLayoutWithTable.app */,
			);
			name = Products;
			sourceTree = "<group>";
		};
		21B1B938236B9E6D00096FDA /* CardLayoutWithTable */ = {
			isa = PBXGroup;
			children = (
				21B1B939236B9E6D00096FDA /* AppDelegate.swift */,
				21B1B93D236B9E6D00096FDA /* ViewController.swift */,
				21B1B93F236B9E6D00096FDA /* Main.storyboard */,
				21B1B94D236C3ECE00096FDA /* TableViewCell.swift */,
				21B1B94E236C3ECE00096FDA /* TableViewCell.xib */,
				21B1B942236B9E7000096FDA /* Assets.xcassets */,
				21B1B944236B9E7000096FDA /* LaunchScreen.storyboard */,
				21B1B947236B9E7000096FDA /* Info.plist */,
			);
			path = CardLayoutWithTable;
			sourceTree = "<group>";
		};
/* End PBXGroup section */

/* Begin PBXNativeTarget section */
		21B1B935236B9E6D00096FDA /* CardLayoutWithTable */ = {
			isa = PBXNativeTarget;
			buildConfigurationList = 21B1B94A236B9E7000096FDA /* Build configuration list for PBXNativeTarget "CardLayoutWithTable" */;
			buildPhases = (
				21B1B932236B9E6D00096FDA /* Sources */,
				21B1B933236B9E6D00096FDA /* Frameworks */,
				21B1B934236B9E6D00096FDA /* Resources */,
			);
			buildRules = (
			);
			dependencies = (
			);
			name = CardLayoutWithTable;
			productName = CardLayoutWithTable;
			productReference = 21B1B936236B9E6D00096FDA /* CardLayoutWithTable.app */;
			productType = "com.apple.product-type.application";
		};
/* End PBXNativeTarget section */

/* Begin PBXProject section */
		21B1B92E236B9E6D00096FDA /* Project object */ = {
			isa = PBXProject;
			attributes = {
				LastSwiftUpdateCheck = 1110;
				LastUpgradeCheck = 1110;
				ORGANIZATIONNAME = "clarity for action";
				TargetAttributes = {
					21B1B935236B9E6D00096FDA = {
						CreatedOnToolsVersion = 11.1;
					};
				};
			};
			buildConfigurationList = 21B1B931236B9E6D00096FDA /* Build configuration list for PBXProject "CardLayoutWithTable" */;
			compatibilityVersion = "Xcode 9.3";
			developmentRegion = en;
			hasScannedForEncodings = 0;
			knownRegions = (
				en,
				Base,
			);
			mainGroup = 21B1B92D236B9E6D00096FDA;
			productRefGroup = 21B1B937236B9E6D00096FDA /* Products */;
			projectDirPath = "";
			projectRoot = "";
			targets = (
				21B1B935236B9E6D00096FDA /* CardLayoutWithTable */,
			);
		};
/* End PBXProject section */

/* Begin PBXResourcesBuildPhase section */
		21B1B934236B9E6D00096FDA /* Resources */ = {
			isa = PBXResourcesBuildPhase;
			buildActionMask = 2147483647;
			files = (
				21B1B946236B9E7000096FDA /* LaunchScreen.storyboard in Resources */,
				21B1B950236C3ECE00096FDA /* TableViewCell.xib in Resources */,
				21B1B943236B9E7000096FDA /* Assets.xcassets in Resources */,
				21B1B941236B9E6D00096FDA /* Main.storyboard in Resources */,
			);
			runOnlyForDeploymentPostprocessing = 0;
		};
/* End PBXResourcesBuildPhase section */

/* Begin PBXSourcesBuildPhase section */
		21B1B932236B9E6D00096FDA /* Sources */ = {
			isa = PBXSourcesBuildPhase;
			buildActionMask = 2147483647;
			files = (
				21B1B94F236C3ECE00096FDA /* TableViewCell.swift in Sources */,
				21B1B93E236B9E6D00096FDA /* ViewController.swift in Sources */,
				21B1B93A236B9E6D00096FDA /* AppDelegate.swift in Sources */,
			);
			runOnlyForDeploymentPostprocessing = 0;
		};
/* End PBXSourcesBuildPhase section */

/* Begin PBXVariantGroup section */
		21B1B93F236B9E6D00096FDA /* Main.storyboard */ = {
			isa = PBXVariantGroup;
			children = (
				21B1B940236B9E6D00096FDA /* Base */,
			);
			name = Main.storyboard;
			sourceTree = "<group>";
		};
		21B1B944236B9E7000096FDA /* LaunchScreen.storyboard */ = {
			isa = PBXVariantGroup;
			children = (
				21B1B945236B9E7000096FDA /* Base */,
			);
			name = LaunchScreen.storyboard;
			sourceTree = "<group>";
		};
/* End PBXVariantGroup section */

/* Begin XCBuildConfiguration section */
		21B1B948236B9E7000096FDA /* Debug */ = {
			isa = XCBuildConfiguration;
			buildSettings = {
				ALWAYS_SEARCH_USER_PATHS = NO;
				CLANG_ANALYZER_NONNULL = YES;
				CLANG_ANALYZER_NUMBER_OBJECT_CONVERSION = YES_AGGRESSIVE;
				CLANG_CXX_LANGUAGE_STANDARD = "gnu++14";
				CLANG_CXX_LIBRARY = "libc++";
				CLANG_ENABLE_MODULES = YES;
				CLANG_ENABLE_OBJC_ARC = YES;
				CLANG_ENABLE_OBJC_WEAK = YES;
				CLANG_WARN_BLOCK_CAPTURE_AUTORELEASING = YES;
				CLANG_WARN_BOOL_CONVERSION = YES;
				CLANG_WARN_COMMA = YES;
				CLANG_WARN_CONSTANT_CONVERSION = YES;
				CLANG_WARN_DEPRECATED_OBJC_IMPLEMENTATIONS = YES;
				CLANG_WARN_DIRECT_OBJC_ISA_USAGE = YES_ERROR;
				CLANG_WARN_DOCUMENTATION_COMMENTS = YES;
				CLANG_WARN_EMPTY_BODY = YES;
				CLANG_WARN_ENUM_CONVERSION = YES;
				CLANG_WARN_INFINITE_RECURSION = YES;
				CLANG_WARN_INT_CONVERSION = YES;
				CLANG_WARN_NON_LITERAL_NULL_CONVERSION = YES;
				CLANG_WARN_OBJC_IMPLICIT_RETAIN_SELF = YES;
				CLANG_WARN_OBJC_LITERAL_CONVERSION = YES;
				CLANG_WARN_OBJC_ROOT_CLASS = YES_ERROR;
				CLANG_WARN_RANGE_LOOP_ANALYSIS = YES;
				CLANG_WARN_STRICT_PROTOTYPES = YES;
				CLANG_WARN_SUSPICIOUS_MOVE = YES;
				CLANG_WARN_UNGUARDED_AVAILABILITY = YES_AGGRESSIVE;
				CLANG_WARN_UNREACHABLE_CODE = YES;
				CLANG_WARN__DUPLICATE_METHOD_MATCH = YES;
				COPY_PHASE_STRIP = NO;
				DEBUG_INFORMATION_FORMAT = dwarf;
				ENABLE_STRICT_OBJC_MSGSEND = YES;
				ENABLE_TESTABILITY = YES;
				GCC_C_LANGUAGE_STANDARD = gnu11;
				GCC_DYNAMIC_NO_PIC = NO;
				GCC_NO_COMMON_BLOCKS = YES;
				GCC_OPTIMIZATION_LEVEL = 0;
				GCC_PREPROCESSOR_DEFINITIONS = (
					"DEBUG=1",
					"$(inherited)",
				);
				GCC_WARN_64_TO_32_BIT_CONVERSION = YES;
				GCC_WARN_ABOUT_RETURN_TYPE = YES_ERROR;
				GCC_WARN_UNDECLARED_SELECTOR = YES;
				GCC_WARN_UNINITIALIZED_AUTOS = YES_AGGRESSIVE;
				GCC_WARN_UNUSED_FUNCTION = YES;
				GCC_WARN_UNUSED_VARIABLE = YES;
				IPHONEOS_DEPLOYMENT_TARGET = 13.1;
				MTL_ENABLE_DEBUG_INFO = INCLUDE_SOURCE;
				MTL_FAST_MATH = YES;
				ONLY_ACTIVE_ARCH = YES;
				SDKROOT = iphoneos;
				SWIFT_ACTIVE_COMPILATION_CONDITIONS = DEBUG;
				SWIFT_OPTIMIZATION_LEVEL = "-Onone";
			};
			name = Debug;
		};
		21B1B949236B9E7000096FDA /* Release */ = {
			isa = XCBuildConfiguration;
			buildSettings = {
				ALWAYS_SEARCH_USER_PATHS = NO;
				CLANG_ANALYZER_NONNULL = YES;
				CLANG_ANALYZER_NUMBER_OBJECT_CONVERSION = YES_AGGRESSIVE;
				CLANG_CXX_LANGUAGE_STANDARD = "gnu++14";
				CLANG_CXX_LIBRARY = "libc++";
				CLANG_ENABLE_MODULES = YES;
				CLANG_ENABLE_OBJC_ARC = YES;
				CLANG_ENABLE_OBJC_WEAK = YES;
				CLANG_WARN_BLOCK_CAPTURE_AUTORELEASING = YES;
				CLANG_WARN_BOOL_CONVERSION = YES;
				CLANG_WARN_COMMA = YES;
				CLANG_WARN_CONSTANT_CONVERSION = YES;
				CLANG_WARN_DEPRECATED_OBJC_IMPLEMENTATIONS = YES;
				CLANG_WARN_DIRECT_OBJC_ISA_USAGE = YES_ERROR;
				CLANG_WARN_DOCUMENTATION_COMMENTS = YES;
				CLANG_WARN_EMPTY_BODY = YES;
				CLANG_WARN_ENUM_CONVERSION = YES;
				CLANG_WARN_INFINITE_RECURSION = YES;
				CLANG_WARN_INT_CONVERSION = YES;
				CLANG_WARN_NON_LITERAL_NULL_CONVERSION = YES;
				CLANG_WARN_OBJC_IMPLICIT_RETAIN_SELF = YES;
				CLANG_WARN_OBJC_LITERAL_CONVERSION = YES;
				CLANG_WARN_OBJC_ROOT_CLASS = YES_ERROR;
				CLANG_WARN_RANGE_LOOP_ANALYSIS = YES;
				CLANG_WARN_STRICT_PROTOTYPES = YES;
				CLANG_WARN_SUSPICIOUS_MOVE = YES;
				CLANG_WARN_UNGUARDED_AVAILABILITY = YES_AGGRESSIVE;
				CLANG_WARN_UNREACHABLE_CODE = YES;
				CLANG_WARN__DUPLICATE_METHOD_MATCH = YES;
				COPY_PHASE_STRIP = NO;
				DEBUG_INFORMATION_FORMAT = "dwarf-with-dsym";
				ENABLE_NS_ASSERTIONS = NO;
				ENABLE_STRICT_OBJC_MSGSEND = YES;
				GCC_C_LANGUAGE_STANDARD = gnu11;
				GCC_NO_COMMON_BLOCKS = YES;
				GCC_WARN_64_TO_32_BIT_CONVERSION = YES;
				GCC_WARN_ABOUT_RETURN_TYPE = YES_ERROR;
				GCC_WARN_UNDECLARED_SELECTOR = YES;
				GCC_WARN_UNINITIALIZED_AUTOS = YES_AGGRESSIVE;
				GCC_WARN_UNUSED_FUNCTION = YES;
				GCC_WARN_UNUSED_VARIABLE = YES;
				IPHONEOS_DEPLOYMENT_TARGET = 13.1;
				MTL_ENABLE_DEBUG_INFO = NO;
				MTL_FAST_MATH = YES;
				SDKROOT = iphoneos;
				SWIFT_COMPILATION_MODE = wholemodule;
				SWIFT_OPTIMIZATION_LEVEL = "-O";
				VALIDATE_PRODUCT = YES;
			};
			name = Release;
		};
		21B1B94B236B9E7000096FDA /* Debug */ = {
			isa = XCBuildConfiguration;
			buildSettings = {
				ASSETCATALOG_COMPILER_APPICON_NAME = AppIcon;
				CODE_SIGN_STYLE = Automatic;
				DEVELOPMENT_TEAM = 73REF5W5RY;
				INFOPLIST_FILE = CardLayoutWithTable/Info.plist;
				IPHONEOS_DEPLOYMENT_TARGET = 11.0;
				LD_RUNPATH_SEARCH_PATHS = (
					"$(inherited)",
					"@executable_path/Frameworks",
				);
				MARKETING_VERSION = 0.1;
				PRODUCT_BUNDLE_IDENTIFIER = com.clarityforaction.CardLayoutWithTable;
				PRODUCT_NAME = "$(TARGET_NAME)";
				SWIFT_VERSION = 5.0;
				TARGETED_DEVICE_FAMILY = "1,2";
			};
			name = Debug;
		};
		21B1B94C236B9E7000096FDA /* Release */ = {
			isa = XCBuildConfiguration;
			buildSettings = {
				ASSETCATALOG_COMPILER_APPICON_NAME = AppIcon;
				CODE_SIGN_STYLE = Automatic;
				DEVELOPMENT_TEAM = 73REF5W5RY;
				INFOPLIST_FILE = CardLayoutWithTable/Info.plist;
				IPHONEOS_DEPLOYMENT_TARGET = 11.0;
				LD_RUNPATH_SEARCH_PATHS = (
					"$(inherited)",
					"@executable_path/Frameworks",
				);
				MARKETING_VERSION = 0.1;
				PRODUCT_BUNDLE_IDENTIFIER = com.clarityforaction.CardLayoutWithTable;
				PRODUCT_NAME = "$(TARGET_NAME)";
				SWIFT_VERSION = 5.0;
				TARGETED_DEVICE_FAMILY = "1,2";
			};
			name = Release;
		};
/* End XCBuildConfiguration section */

/* Begin XCConfigurationList section */
		21B1B931236B9E6D00096FDA /* Build configuration list for PBXProject "CardLayoutWithTable" */ = {
			isa = XCConfigurationList;
			buildConfigurations = (
				21B1B948236B9E7000096FDA /* Debug */,
				21B1B949236B9E7000096FDA /* Release */,
			);
			defaultConfigurationIsVisible = 0;
			defaultConfigurationName = Release;
		};
		21B1B94A236B9E7000096FDA /* Build configuration list for PBXNativeTarget "CardLayoutWithTable" */ = {
			isa = XCConfigurationList;
			buildConfigurations = (
				21B1B94B236B9E7000096FDA /* Debug */,
				21B1B94C236B9E7000096FDA /* Release */,
			);
			defaultConfigurationIsVisible = 0;
			defaultConfigurationName = Release;
		};
/* End XCConfigurationList section */
	};
	rootObject = 21B1B92E236B9E6D00096FDA /* Project object */;
}
